
Microsoft Visual Studio Solution File, Format Version 12.00
# Visual Studio Version 16
VisualStudioVersion = 16.0.31911.196
MinimumVisualStudioVersion = 10.0.40219.1
Project("{FAE04EC0-301F-11D3-BF4B-00C04F79EFBC}") = "prjToDo", "prjToDo\prjToDo.csproj", "{BA3973D2-AD26-4711-B44A-2482CD1B4ACE}"
EndProject
Global
	GlobalSection(SolutionConfigurationPlatforms) = preSolution
		Debug|Any CPU = Debug|Any CPU
		Release|Any CPU = Release|Any CPU
	EndGlobalSection
	GlobalSection(ProjectConfigurationPlatforms) = postSolution
		{BA3973D2-AD26-4711-B44A-2482CD1B4ACE}.Debug|Any CPU.ActiveCfg = Debug|Any CPU
		{BA3973D2-AD26-4711-B44A-2482CD1B4ACE}.Debug|Any CPU.Build.0 = Debug|Any CPU
		{BA3973D2-AD26-4711-B44A-2482CD1B4ACE}.Release|Any CPU.ActiveCfg = Release|Any CPU
		{BA3973D2-AD26-4711-B44A-2482CD1B4ACE}.Release|Any CPU.Build.0 = Release|Any CPU
	EndGlobalSection
	GlobalSection(SolutionProperties) = preSolution
		HideSolutionNode = FALSE
	EndGlobalSection
	GlobalSection(ExtensibilityGlobals) = postSolution
		SolutionGuid = {19101912-8996-4654-9287-137014845265}
	EndGlobalSection
EndGlobal
